<Solution>
  <Folder Name="/.github/" />
  <Folder Name="/.github/workflows/">
    <File Path="dotnet.yml" />
  </Folder>
  <Project Path="../RetailOrderInventoryAnalytics.MVC/RetailOrderInventoryAnalytics.MVC.csproj" />
  <Project Path="../RetailOrderInventoryAnalytics.Tests/RetailOrderInventoryAnalytics.Tests.csproj" />
  <Project Path="RetailOrderInventoryAnalytics.API/RetailOrderInventoryAnalytics.API.csproj" />
</Solution>
